
Microsoft Visual Studio Solution File, Format Version 12.00
# Visual Studio 15
VisualStudioVersion = 15.0.28307.329
MinimumVisualStudioVersion = 10.0.40219.1
Project("{FAE04EC0-301F-11D3-BF4B-00C04F79EFBC}") = "WindowsFormsApp8", "WindowsFormsApp8\WindowsFormsApp8.csproj", "{82422731-8567-4022-83BA-656A38A73E29}"
EndProject
Global
	GlobalSection(SolutionConfigurationPlatforms) = preSolution
		Debug|Any CPU = Debug|Any CPU
		Release|Any CPU = Release|Any CPU
	EndGlobalSection
	GlobalSection(ProjectConfigurationPlatforms) = postSolution
		{82422731-8567-4022-83BA-656A38A73E29}.Debug|Any CPU.ActiveCfg = Debug|Any CPU
		{82422731-8567-4022-83BA-656A38A73E29}.Debug|Any CPU.Build.0 = Debug|Any CPU
		{82422731-8567-4022-83BA-656A38A73E29}.Release|Any CPU.ActiveCfg = Release|Any CPU
		{82422731-8567-4022-83BA-656A38A73E29}.Release|Any CPU.Build.0 = Release|Any CPU
	EndGlobalSection
	GlobalSection(SolutionProperties) = preSolution
		HideSolutionNode = FALSE
	EndGlobalSection
	GlobalSection(ExtensibilityGlobals) = postSolution
		SolutionGuid = {57E3E54B-5757-487B-8463-DB754393730B}
	EndGlobalSection
EndGlobal
